// !$*UTF8*$!
{
	archiveVersion = 1;
	classes = {
	};
	objectVersion = 46;
	objects = {

/* Begin PBXBuildFile section */
		F4FE07221789240E007EB768 /* example.c in Sources */ = {isa = PBXBuildFile; fileRef = F4FE071E1789240E007EB768 /* example.c */; };
		F4FE07231789240E007EB768 /* Property.c in Sources */ = {isa = PBXBuildFile; fileRef = F4FE07201789240E007EB768 /* Property.c */; };
/* End PBXBuildFile section */

/* Begin PBXCopyFilesBuildPhase section */
		F4FE070517891314007EB768 /* CopyFiles */ = {
			isa = PBXCopyFilesBuildPhase;
			buildActionMask = 2147483647;
			dstPath = /usr/share/man/man1/;
			dstSubfolderSpec = 0;
			files = (
			);
			runOnlyForDeploymentPostprocessing = 1;
		};
/* End PBXCopyFilesBuildPhase section */

/* Begin PBXFileReference section */
		F4FE070717891314007EB768 /* PropertySet */ = {isa = PBXFileReference; explicitFileType = "compiled.mach-o.executable"; includeInIndex = 0; path = PropertySet; sourceTree = BUILT_PRODUCTS_DIR; };
		F4FE071E1789240E007EB768 /* example.c */ = {isa = PBXFileReference; fileEncoding = 4; lastKnownFileType = sourcecode.c.c; path = example.c; sourceTree = "<group>"; };
		F4FE07201789240E007EB768 /* Property.c */ = {isa = PBXFileReference; fileEncoding = 4; lastKnownFileType = sourcecode.c.c; path = Property.c; sourceTree = "<group>"; };
		F4FE07211789240E007EB768 /* Property.h */ = {isa = PBXFileReference; fileEncoding = 4; lastKnownFileType = sourcecode.c.h; path = Property.h; sourceTree = "<group>"; };
/* End PBXFileReference section */

/* Begin PBXFrameworksBuildPhase section */
		F4FE070417891314007EB768 /* Frameworks */ = {
			isa = PBXFrameworksBuildPhase;
			buildActionMask = 2147483647;
			files = (
			);
			runOnlyForDeploymentPostprocessing = 0;
		};
/* End PBXFrameworksBuildPhase section */

/* Begin PBXGroup section */
		F4FE06FE17891314007EB768 = {
			isa = PBXGroup;
			children = (
				F4FE071D1789240E007EB768 /* example */,
				F4FE071F1789240E007EB768 /* source */,
				F4FE070817891314007EB768 /* Products */,
			);
			sourceTree = "<group>";
		};
		F4FE070817891314007EB768 /* Products */ = {
			isa = PBXGroup;
			children = (
				F4FE070717891314007EB768 /* PropertySet */,
			);
			name = Products;
			sourceTree = "<group>";
		};
		F4FE071D1789240E007EB768 /* example */ = {
			isa = PBXGroup;
			children = (
				F4FE071E1789240E007EB768 /* example.c */,
			);
			name = example;
			path = ../../example;
			sourceTree = "<group>";
		};
		F4FE071F1789240E007EB768 /* source */ = {
			isa = PBXGroup;
			children = (
				F4FE07201789240E007EB768 /* Property.c */,
				F4FE07211789240E007EB768 /* Property.h */,
			);
			name = source;
			path = ../../source;
			sourceTree = "<group>";
		};
/* End PBXGroup section */

/* Begin PBXNativeTarget section */
		F4FE070617891314007EB768 /* PropertySet */ = {
			isa = PBXNativeTarget;
			buildConfigurationList = F4FE071017891314007EB768 /* Build configuration list for PBXNativeTarget "PropertySet" */;
			buildPhases = (
				F4FE070317891314007EB768 /* Sources */,
				F4FE070417891314007EB768 /* Frameworks */,
				F4FE070517891314007EB768 /* CopyFiles */,
			);
			buildRules = (
			);
			dependencies = (
			);
			name = PropertySet;
			productName = PropertySet;
			productReference = F4FE070717891314007EB768 /* PropertySet */;
			productType = "com.apple.product-type.tool";
		};
/* End PBXNativeTarget section */

/* Begin PBXProject section */
		F4FE06FF17891314007EB768 /* Project object */ = {
			isa = PBXProject;
			attributes = {
				LastUpgradeCheck = 0460;
				ORGANIZATIONNAME = "Inline Studios";
			};
			buildConfigurationList = F4FE070217891314007EB768 /* Build configuration list for PBXProject "PropertySet" */;
			compatibilityVersion = "Xcode 3.2";
			developmentRegion = English;
			hasScannedForEncodings = 0;
			knownRegions = (
				en,
			);
			mainGroup = F4FE06FE17891314007EB768;
			productRefGroup = F4FE070817891314007EB768 /* Products */;
			projectDirPath = "";
			projectRoot = "";
			targets = (
				F4FE070617891314007EB768 /* PropertySet */,
			);
		};
/* End PBXProject section */

/* Begin PBXSourcesBuildPhase section */
		F4FE070317891314007EB768 /* Sources */ = {
			isa = PBXSourcesBuildPhase;
			buildActionMask = 2147483647;
			files = (
				F4FE07221789240E007EB768 /* example.c in Sources */,
				F4FE07231789240E007EB768 /* Property.c in Sources */,
			);
			runOnlyForDeploymentPostprocessing = 0;
		};
/* End PBXSourcesBuildPhase section */

/* Begin XCBuildConfiguration section */
		F4FE070E17891314007EB768 /* Debug */ = {
			isa = XCBuildConfiguration;
			buildSettings = {
				ALWAYS_SEARCH_USER_PATHS = NO;
				ARCHS = "$(ARCHS_STANDARD_64_BIT)";
				CLANG_CXX_LANGUAGE_STANDARD = "gnu++0x";
				CLANG_CXX_LIBRARY = "libc++";
				CLANG_WARN_CONSTANT_CONVERSION = YES;
				CLANG_WARN_EMPTY_BODY = YES;
				CLANG_WARN_ENUM_CONVERSION = YES;
				CLANG_WARN_INT_CONVERSION = YES;
				CLANG_WARN__DUPLICATE_METHOD_MATCH = YES;
				COPY_PHASE_STRIP = NO;
				GCC_C_LANGUAGE_STANDARD = gnu99;
				GCC_DYNAMIC_NO_PIC = NO;
				GCC_ENABLE_OBJC_EXCEPTIONS = YES;
				GCC_OPTIMIZATION_LEVEL = 0;
				GCC_PREPROCESSOR_DEFINITIONS = (
					"DEBUG=1",
					"$(inherited)",
				);
				GCC_SYMBOLS_PRIVATE_EXTERN = NO;
				GCC_WARN_64_TO_32_BIT_CONVERSION = YES;
				GCC_WARN_ABOUT_RETURN_TYPE = YES;
				GCC_WARN_UNINITIALIZED_AUTOS = YES;
				GCC_WARN_UNUSED_VARIABLE = YES;
				MACOSX_DEPLOYMENT_TARGET = 10.8;
				ONLY_ACTIVE_ARCH = YES;
				SDKROOT = macosx;
			};
			name = Debug;
		};
		F4FE070F17891314007EB768 /* Release */ = {
			isa = XCBuildConfiguration;
			buildSettings = {
				ALWAYS_SEARCH_USER_PATHS = NO;
				ARCHS = "$(ARCHS_STANDARD_64_BIT)";
				CLANG_CXX_LANGUAGE_STANDARD = "gnu++0x";
				CLANG_CXX_LIBRARY = "libc++";
				CLANG_WARN_CONSTANT_CONVERSION = YES;
				CLANG_WARN_EMPTY_BODY = YES;
				CLANG_WARN_ENUM_CONVERSION = YES;
				CLANG_WARN_INT_CONVERSION = YES;
				CLANG_WARN__DUPLICATE_METHOD_MATCH = YES;
				COPY_PHASE_STRIP = YES;
				DEBUG_INFORMATION_FORMAT = "dwarf-with-dsym";
				GCC_C_LANGUAGE_STANDARD = gnu99;
				GCC_ENABLE_OBJC_EXCEPTIONS = YES;
				GCC_WARN_64_TO_32_BIT_CONVERSION = YES;
				GCC_WARN_ABOUT_RETURN_TYPE = YES;
				GCC_WARN_UNINITIALIZED_AUTOS = YES;
				GCC_WARN_UNUSED_VARIABLE = YES;
				MACOSX_DEPLOYMENT_TARGET = 10.8;
				SDKROOT = macosx;
			};
			name = Release;
		};
		F4FE071117891314007EB768 /* Debug */ = {
			isa = XCBuildConfiguration;
			buildSettings = {
				GCC_C_LANGUAGE_STANDARD = ansi;
				PRODUCT_NAME = "$(TARGET_NAME)";
			};
			name = Debug;
		};
		F4FE071217891314007EB768 /* Release */ = {
			isa = XCBuildConfiguration;
			buildSettings = {
				GCC_C_LANGUAGE_STANDARD = ansi;
				PRODUCT_NAME = "$(TARGET_NAME)";
			};
			name = Release;
		};
/* End XCBuildConfiguration section */

/* Begin XCConfigurationList section */
		F4FE070217891314007EB768 /* Build configuration list for PBXProject "PropertySet" */ = {
			isa = XCConfigurationList;
			buildConfigurations = (
				F4FE070E17891314007EB768 /* Debug */,
				F4FE070F17891314007EB768 /* Release */,
			);
			defaultConfigurationIsVisible = 0;
			defaultConfigurationName = Release;
		};
		F4FE071017891314007EB768 /* Build configuration list for PBXNativeTarget "PropertySet" */ = {
			isa = XCConfigurationList;
			buildConfigurations = (
				F4FE071117891314007EB768 /* Debug */,
				F4FE071217891314007EB768 /* Release */,
			);
			defaultConfigurationIsVisible = 0;
			defaultConfigurationName = Release;
		};
/* End XCConfigurationList section */
	};
	rootObject = F4FE06FF17891314007EB768 /* Project object */;
}
